# This file is generated by running "yarn install" inside your project.
# Manual changes might be lost - proceed with caution!

__metadata:
  version: 6
  cacheKey: 8

"@types/mdast@npm:^3.0.0":
  version: 3.0.10
  resolution: "@types/mdast@npm:3.0.10"
  dependencies:
    "@types/unist": "*"
  checksum: 3f587bfc0a9a2403ecadc220e61031b01734fedaf82e27eb4d5ba039c0eb54db8c85681ccc070ab4df3f7ec711b736a82b990e69caa14c74bf7ac0ccf2ac7313
  languageName: node
  linkType: hard

"@types/unist@npm:*, @types/unist@npm:^2.0.0":
  version: 2.0.6
  resolution: "@types/unist@npm:2.0.6"
  checksum: 25cb860ff10dde48b54622d58b23e66214211a61c84c0f15f88d38b61aa1b53d4d46e42b557924a93178c501c166aa37e28d7f6d994aba13d24685326272d5db
  languageName: node
  linkType: hard

"dioscuri@npm:^1.3.0":
  version: 1.3.0
  resolution: "dioscuri@npm:1.3.0"
  dependencies:
    "@types/mdast": ^3.0.0
    "@types/unist": ^2.0.0
    micromark-util-encode: ^1.0.0
    micromark-util-sanitize-uri: ^1.0.0
    unist-util-visit: ^4.0.0
    zwitch: ^2.0.0
  checksum: 09da4664bb9fd2b2be02420067488eb9ed78b8ecc8ba7824e338e086b1af54ebde941161cdd3e02eea4d40fd6928c9a3c93bb13eddb1999e5056592a6faf66f4
  languageName: node
  linkType: hard

"gemweb@workspace:.":
  version: 0.0.0-use.local
  resolution: "gemweb@workspace:."
  dependencies:
    dioscuri: ^1.3.0
    mime: ^3.0.0
    mustache: ^4.2.0
    slug: ^8.2.2
  languageName: unknown
  linkType: soft

"micromark-util-character@npm:^1.0.0":
  version: 1.1.0
  resolution: "micromark-util-character@npm:1.1.0"
  dependencies:
    micromark-util-symbol: ^1.0.0
    micromark-util-types: ^1.0.0
  checksum: 504a4e3321f69bddf3fec9f0c1058239fc23336bda5be31d532b150491eda47965a251b37f8a7a9db0c65933b3aaa49cf88044fb1028be3af7c5ee6212bf8d5f
  languageName: node
  linkType: hard

"micromark-util-encode@npm:^1.0.0":
  version: 1.0.1
  resolution: "micromark-util-encode@npm:1.0.1"
  checksum: 9290583abfdc79ea3e7eb92c012c47a0e14327888f8aaa6f57ff79b3058d8e7743716b9d91abca3646f15ab3d78fdad9779fdb4ccf13349cd53309dfc845253a
  languageName: node
  linkType: hard

"micromark-util-sanitize-uri@npm:^1.0.0":
  version: 1.0.0
  resolution: "micromark-util-sanitize-uri@npm:1.0.0"
  dependencies:
    micromark-util-character: ^1.0.0
    micromark-util-encode: ^1.0.0
    micromark-util-symbol: ^1.0.0
  checksum: 77448ec3a5d18f0ac975ea47591fbf0d5bd5568f9a0d033d9e318f90656031f037c5ff9137e93faf289480eaea70a5382e2571ebf9edcb1c1cd2a5187b6b3160
  languageName: node
  linkType: hard

"micromark-util-symbol@npm:^1.0.0":
  version: 1.0.1
  resolution: "micromark-util-symbol@npm:1.0.1"
  checksum: c6a3023b3a7432c15864b5e33a1bcb5042ac7aa097f2f452e587bef45433d42d39e0a5cce12fbea91e0671098ba0c3f62a2b30ce1cde66ecbb5e8336acf4391d
  languageName: node
  linkType: hard

"micromark-util-types@npm:^1.0.0":
  version: 1.0.2
  resolution: "micromark-util-types@npm:1.0.2"
  checksum: 08dc901b7c06ee3dfeb54befca05cbdab9525c1cf1c1080967c3878c9e72cb9856c7e8ff6112816e18ead36ce6f99d55aaa91560768f2f6417b415dcba1244df
  languageName: node
  linkType: hard

"mime@npm:^3.0.0":
  version: 3.0.0
  resolution: "mime@npm:3.0.0"
  bin:
    mime: cli.js
  checksum: f43f9b7bfa64534e6b05bd6062961681aeb406a5b53673b53b683f27fcc4e739989941836a355eef831f4478923651ecc739f4a5f6e20a76487b432bfd4db928
  languageName: node
  linkType: hard

"mustache@npm:^4.2.0":
  version: 4.2.0
  resolution: "mustache@npm:4.2.0"
  bin:
    mustache: bin/mustache
  checksum: 928fcb63e3aa44a562bfe9b59ba202cccbe40a46da50be6f0dd831b495be1dd7e38ca4657f0ecab2c1a89dc7bccba0885eab7ee7c1b215830da765758c7e0506
  languageName: node
  linkType: hard

"slug@npm:^8.2.2":
  version: 8.2.2
  resolution: "slug@npm:8.2.2"
  bin:
    slug: cli.js
  checksum: 31aaedf1b7e5b440a00b57f4ddedcccfecea244ebc9603458535381415709a5c39b522c96b9298d2ee17d67ddb3556f0a9172f6bf5fd27e751baa881fd3c6fd3
  languageName: node
  linkType: hard

"unist-util-is@npm:^5.0.0":
  version: 5.1.1
  resolution: "unist-util-is@npm:5.1.1"
  checksum: e8743a19a304d8a8f5684f3e5ddb5546f2655847b42123687277d76566a2aba89beb7b4a8a9e9ebc4d904cd1cecc285356d7923d973a43cfc19a1e10ff6bdee4
  languageName: node
  linkType: hard

"unist-util-visit-parents@npm:^5.0.0":
  version: 5.1.0
  resolution: "unist-util-visit-parents@npm:5.1.0"
  dependencies:
    "@types/unist": ^2.0.0
    unist-util-is: ^5.0.0
  checksum: 7c413dbb3dfcb679109fa8f0965d9abf117c3c53fa7b8823f68cac0ea53adbe98c1ce954d36c034e086c966b48b1d44d42c85f7bf6b42a032f728ac338929513
  languageName: node
  linkType: hard

"unist-util-visit@npm:^4.0.0":
  version: 4.1.0
  resolution: "unist-util-visit@npm:4.1.0"
  dependencies:
    "@types/unist": ^2.0.0
    unist-util-is: ^5.0.0
    unist-util-visit-parents: ^5.0.0
  checksum: 3521abee2ed4535092aac073d05f46255475c89781b8e9d8c951a473d91b5d6e4d5912ae4a68a4c1cf17a42ed0108cb93103c7f5c736977529969997451363fb
  languageName: node
  linkType: hard

"zwitch@npm:^2.0.0":
  version: 2.0.2
  resolution: "zwitch@npm:2.0.2"
  checksum: 8edd7af8375f12f64d8dbef815af32cd77bd9237d0b013210ba4e3aef25fdc460fe264cd0a19deabe9f86ef0c607240ebac1a336bf4a70bf06ef53e0652de116
  languageName: node
  linkType: hard
